
Microsoft Visual Studio Solution File, Format Version 12.00
# Visual Studio Version 16
VisualStudioVersion = 16.0.31129.286
MinimumVisualStudioVersion = 10.0.40219.1
Project("{9A19103F-16F7-4668-BE54-9A1E7A4F7556}") = "Brazil.Standard", "Brazil.Standard\Brazil.Standard.csproj", "{2308D152-A388-4FD9-81A1-D48C1BC556E4}"
EndProject
Project("{9A19103F-16F7-4668-BE54-9A1E7A4F7556}") = "Brazil.Standard.Extensions", "Brazil.Standard.Extensions\Brazil.Standard.Extensions.csproj", "{EF190862-B6AA-489F-95EA-082EF57E66C7}"
EndProject
Project("{9A19103F-16F7-4668-BE54-9A1E7A4F7556}") = "Brazil.Standard.Extensions.Test", "Brazil.Standard.Extensions.Test\Brazil.Standard.Extensions.Test.csproj", "{F7E50DDB-421D-4A0B-B67E-BD5DDA44B960}"
EndProject
Project("{9A19103F-16F7-4668-BE54-9A1E7A4F7556}") = "Brazil.Standard.Test", "Brazil.Standard.Test\Brazil.Standard.Test.csproj", "{5B877930-044C-4CAA-893D-51EEE469072D}"
EndProject
Project("{2150E333-8FDC-42A3-9474-1A3956D46DE8}") = "Solution Items", "Solution Items", "{6CC21175-94B4-4E00-8BF7-3319FE211330}"
	ProjectSection(SolutionItems) = preProject
		.gitignore = .gitignore
		.github\workflows\integration.yml = .github\workflows\integration.yml
		.github\workflows\publish_extension.yml = .github\workflows\publish_extension.yml
		.github\workflows\publish_main.yml = .github\workflows\publish_main.yml
		README.md = README.md
	EndProjectSection
EndProject
Global
	GlobalSection(SolutionConfigurationPlatforms) = preSolution
		Debug|Any CPU = Debug|Any CPU
		Release|Any CPU = Release|Any CPU
	EndGlobalSection
	GlobalSection(ProjectConfigurationPlatforms) = postSolution
		{2308D152-A388-4FD9-81A1-D48C1BC556E4}.Debug|Any CPU.ActiveCfg = Debug|Any CPU
		{2308D152-A388-4FD9-81A1-D48C1BC556E4}.Debug|Any CPU.Build.0 = Debug|Any CPU
		{2308D152-A388-4FD9-81A1-D48C1BC556E4}.Release|Any CPU.ActiveCfg = Release|Any CPU
		{2308D152-A388-4FD9-81A1-D48C1BC556E4}.Release|Any CPU.Build.0 = Release|Any CPU
		{EF190862-B6AA-489F-95EA-082EF57E66C7}.Debug|Any CPU.ActiveCfg = Debug|Any CPU
		{EF190862-B6AA-489F-95EA-082EF57E66C7}.Debug|Any CPU.Build.0 = Debug|Any CPU
		{EF190862-B6AA-489F-95EA-082EF57E66C7}.Release|Any CPU.ActiveCfg = Release|Any CPU
		{EF190862-B6AA-489F-95EA-082EF57E66C7}.Release|Any CPU.Build.0 = Release|Any CPU
		{F7E50DDB-421D-4A0B-B67E-BD5DDA44B960}.Debug|Any CPU.ActiveCfg = Debug|Any CPU
		{F7E50DDB-421D-4A0B-B67E-BD5DDA44B960}.Debug|Any CPU.Build.0 = Debug|Any CPU
		{F7E50DDB-421D-4A0B-B67E-BD5DDA44B960}.Release|Any CPU.ActiveCfg = Release|Any CPU
		{F7E50DDB-421D-4A0B-B67E-BD5DDA44B960}.Release|Any CPU.Build.0 = Release|Any CPU
		{5B877930-044C-4CAA-893D-51EEE469072D}.Debug|Any CPU.ActiveCfg = Debug|Any CPU
		{5B877930-044C-4CAA-893D-51EEE469072D}.Debug|Any CPU.Build.0 = Debug|Any CPU
		{5B877930-044C-4CAA-893D-51EEE469072D}.Release|Any CPU.ActiveCfg = Release|Any CPU
		{5B877930-044C-4CAA-893D-51EEE469072D}.Release|Any CPU.Build.0 = Release|Any CPU
	EndGlobalSection
	GlobalSection(SolutionProperties) = preSolution
		HideSolutionNode = FALSE
	EndGlobalSection
	GlobalSection(ExtensibilityGlobals) = postSolution
		SolutionGuid = {444851CB-6A7C-4684-B93B-14C337C7B06B}
	EndGlobalSection
EndGlobal
